
Microsoft Visual Studio Solution File, Format Version 12.00
# Visual Studio Version 16
VisualStudioVersion = 16.0.31313.79
MinimumVisualStudioVersion = 10.0.40219.1
Project("{FAE04EC0-301F-11D3-BF4B-00C04F79EFBC}") = "WorkingWithCollection", "WorkingWithCollection\WorkingWithCollection.csproj", "{9997AC0C-6042-444B-A793-5F893C184E49}"
EndProject
Global
	GlobalSection(SolutionConfigurationPlatforms) = preSolution
		Debug|Any CPU = Debug|Any CPU
		Release|Any CPU = Release|Any CPU
	EndGlobalSection
	GlobalSection(ProjectConfigurationPlatforms) = postSolution
		{9997AC0C-6042-444B-A793-5F893C184E49}.Debug|Any CPU.ActiveCfg = Debug|Any CPU
		{9997AC0C-6042-444B-A793-5F893C184E49}.Debug|Any CPU.Build.0 = Debug|Any CPU
		{9997AC0C-6042-444B-A793-5F893C184E49}.Release|Any CPU.ActiveCfg = Release|Any CPU
		{9997AC0C-6042-444B-A793-5F893C184E49}.Release|Any CPU.Build.0 = Release|Any CPU
	EndGlobalSection
	GlobalSection(SolutionProperties) = preSolution
		HideSolutionNode = FALSE
	EndGlobalSection
	GlobalSection(ExtensibilityGlobals) = postSolution
		SolutionGuid = {F53798AD-3948-4979-A9B6-7BB98211E2F0}
	EndGlobalSection
EndGlobal
