
Microsoft Visual Studio Solution File, Format Version 12.00
# Visual Studio Version 16
VisualStudioVersion = 16.0.31313.79
MinimumVisualStudioVersion = 10.0.40219.1
Project("{FAE04EC0-301F-11D3-BF4B-00C04F79EFBC}") = "HandlingExceptions", "HandlingExceptions\HandlingExceptions.csproj", "{05B1CD04-D91A-4F53-B978-E60807AFAA91}"
EndProject
Global
	GlobalSection(SolutionConfigurationPlatforms) = preSolution
		Debug|Any CPU = Debug|Any CPU
		Release|Any CPU = Release|Any CPU
	EndGlobalSection
	GlobalSection(ProjectConfigurationPlatforms) = postSolution
		{05B1CD04-D91A-4F53-B978-E60807AFAA91}.Debug|Any CPU.ActiveCfg = Debug|Any CPU
		{05B1CD04-D91A-4F53-B978-E60807AFAA91}.Debug|Any CPU.Build.0 = Debug|Any CPU
		{05B1CD04-D91A-4F53-B978-E60807AFAA91}.Release|Any CPU.ActiveCfg = Release|Any CPU
		{05B1CD04-D91A-4F53-B978-E60807AFAA91}.Release|Any CPU.Build.0 = Release|Any CPU
	EndGlobalSection
	GlobalSection(SolutionProperties) = preSolution
		HideSolutionNode = FALSE
	EndGlobalSection
	GlobalSection(ExtensibilityGlobals) = postSolution
		SolutionGuid = {F82C10A8-4898-44F2-8595-697709FD0BC9}
	EndGlobalSection
EndGlobal
