
Microsoft Visual Studio Solution File, Format Version 12.00
# Visual Studio Version 16
VisualStudioVersion = 16.0.31402.337
MinimumVisualStudioVersion = 10.0.40219.1
Project("{FAE04EC0-301F-11D3-BF4B-00C04F79EFBC}") = "PriceComp", "PriceComp\PriceComp.csproj", "{97B06201-7234-45AE-87E5-4DAF2CAF4F37}"
EndProject
Project("{FAE04EC0-301F-11D3-BF4B-00C04F79EFBC}") = "pricecompare", "pricecompare\pricecompare.csproj", "{3C6079A1-4EA6-4F48-BC98-D4D793C58B72}"
EndProject
Global
	GlobalSection(SolutionConfigurationPlatforms) = preSolution
		Debug|Any CPU = Debug|Any CPU
		Release|Any CPU = Release|Any CPU
	EndGlobalSection
	GlobalSection(ProjectConfigurationPlatforms) = postSolution
		{97B06201-7234-45AE-87E5-4DAF2CAF4F37}.Debug|Any CPU.ActiveCfg = Debug|Any CPU
		{97B06201-7234-45AE-87E5-4DAF2CAF4F37}.Debug|Any CPU.Build.0 = Debug|Any CPU
		{97B06201-7234-45AE-87E5-4DAF2CAF4F37}.Release|Any CPU.ActiveCfg = Release|Any CPU
		{97B06201-7234-45AE-87E5-4DAF2CAF4F37}.Release|Any CPU.Build.0 = Release|Any CPU
		{3C6079A1-4EA6-4F48-BC98-D4D793C58B72}.Debug|Any CPU.ActiveCfg = Debug|Any CPU
		{3C6079A1-4EA6-4F48-BC98-D4D793C58B72}.Debug|Any CPU.Build.0 = Debug|Any CPU
		{3C6079A1-4EA6-4F48-BC98-D4D793C58B72}.Release|Any CPU.ActiveCfg = Release|Any CPU
		{3C6079A1-4EA6-4F48-BC98-D4D793C58B72}.Release|Any CPU.Build.0 = Release|Any CPU
	EndGlobalSection
	GlobalSection(SolutionProperties) = preSolution
		HideSolutionNode = FALSE
	EndGlobalSection
	GlobalSection(ExtensibilityGlobals) = postSolution
		SolutionGuid = {D36B8B35-C4E6-413F-9516-0367184E50D9}
	EndGlobalSection
EndGlobal
