
Microsoft Visual Studio Solution File, Format Version 12.00
# Visual Studio Version 16
VisualStudioVersion = 16.0.30907.101
MinimumVisualStudioVersion = 10.0.40219.1
Project("{FAE04EC0-301F-11D3-BF4B-00C04F79EFBC}") = "Hello", "Hello\Hello.csproj", "{C44A3EA9-6BD5-4E0B-8A6D-547CFDE7FB3B}"
EndProject
Project("{9A19103F-16F7-4668-BE54-9A1E7A4F7556}") = "MoreAboutCSharp", "MoreAboutCSharp\MoreAboutCSharp.csproj", "{C6E89E11-16AC-4315-9503-307C637B4897}"
EndProject
Project("{9A19103F-16F7-4668-BE54-9A1E7A4F7556}") = "WebApp", "Example\WebApp.csproj", "{C9EB79C0-F525-4211-8E44-5F089ECEEFEA}"
EndProject
Project("{9A19103F-16F7-4668-BE54-9A1E7A4F7556}") = "WPF", "WPF\WPF.csproj", "{F6C27E55-0732-4670-B538-48ED71BCC52F}"
EndProject
Project("{FAE04EC0-301F-11D3-BF4B-00C04F79EFBC}") = "WebApplication3", "WebApplication3\WebApplication3.csproj", "{EBB797D9-B766-424B-A32B-2ACDD1B235E0}"
EndProject
Global
	GlobalSection(SolutionConfigurationPlatforms) = preSolution
		Debug|Any CPU = Debug|Any CPU
		Debug|x64 = Debug|x64
		Debug|x86 = Debug|x86
		Release|Any CPU = Release|Any CPU
		Release|x64 = Release|x64
		Release|x86 = Release|x86
	EndGlobalSection
	GlobalSection(ProjectConfigurationPlatforms) = postSolution
		{C44A3EA9-6BD5-4E0B-8A6D-547CFDE7FB3B}.Debug|Any CPU.ActiveCfg = Debug|Any CPU
		{C44A3EA9-6BD5-4E0B-8A6D-547CFDE7FB3B}.Debug|Any CPU.Build.0 = Debug|Any CPU
		{C44A3EA9-6BD5-4E0B-8A6D-547CFDE7FB3B}.Debug|x64.ActiveCfg = Debug|Any CPU
		{C44A3EA9-6BD5-4E0B-8A6D-547CFDE7FB3B}.Debug|x64.Build.0 = Debug|Any CPU
		{C44A3EA9-6BD5-4E0B-8A6D-547CFDE7FB3B}.Debug|x86.ActiveCfg = Debug|Any CPU
		{C44A3EA9-6BD5-4E0B-8A6D-547CFDE7FB3B}.Debug|x86.Build.0 = Debug|Any CPU
		{C44A3EA9-6BD5-4E0B-8A6D-547CFDE7FB3B}.Release|Any CPU.ActiveCfg = Release|Any CPU
		{C44A3EA9-6BD5-4E0B-8A6D-547CFDE7FB3B}.Release|Any CPU.Build.0 = Release|Any CPU
		{C44A3EA9-6BD5-4E0B-8A6D-547CFDE7FB3B}.Release|x64.ActiveCfg = Release|Any CPU
		{C44A3EA9-6BD5-4E0B-8A6D-547CFDE7FB3B}.Release|x64.Build.0 = Release|Any CPU
		{C44A3EA9-6BD5-4E0B-8A6D-547CFDE7FB3B}.Release|x86.ActiveCfg = Release|Any CPU
		{C44A3EA9-6BD5-4E0B-8A6D-547CFDE7FB3B}.Release|x86.Build.0 = Release|Any CPU
		{C6E89E11-16AC-4315-9503-307C637B4897}.Debug|Any CPU.ActiveCfg = Debug|Any CPU
		{C6E89E11-16AC-4315-9503-307C637B4897}.Debug|Any CPU.Build.0 = Debug|Any CPU
		{C6E89E11-16AC-4315-9503-307C637B4897}.Debug|x64.ActiveCfg = Debug|Any CPU
		{C6E89E11-16AC-4315-9503-307C637B4897}.Debug|x64.Build.0 = Debug|Any CPU
		{C6E89E11-16AC-4315-9503-307C637B4897}.Debug|x86.ActiveCfg = Debug|Any CPU
		{C6E89E11-16AC-4315-9503-307C637B4897}.Debug|x86.Build.0 = Debug|Any CPU
		{C6E89E11-16AC-4315-9503-307C637B4897}.Release|Any CPU.ActiveCfg = Release|Any CPU
		{C6E89E11-16AC-4315-9503-307C637B4897}.Release|Any CPU.Build.0 = Release|Any CPU
		{C6E89E11-16AC-4315-9503-307C637B4897}.Release|x64.ActiveCfg = Release|Any CPU
		{C6E89E11-16AC-4315-9503-307C637B4897}.Release|x64.Build.0 = Release|Any CPU
		{C6E89E11-16AC-4315-9503-307C637B4897}.Release|x86.ActiveCfg = Release|Any CPU
		{C6E89E11-16AC-4315-9503-307C637B4897}.Release|x86.Build.0 = Release|Any CPU
		{C9EB79C0-F525-4211-8E44-5F089ECEEFEA}.Debug|Any CPU.ActiveCfg = Debug|Any CPU
		{C9EB79C0-F525-4211-8E44-5F089ECEEFEA}.Debug|Any CPU.Build.0 = Debug|Any CPU
		{C9EB79C0-F525-4211-8E44-5F089ECEEFEA}.Debug|x64.ActiveCfg = Debug|Any CPU
		{C9EB79C0-F525-4211-8E44-5F089ECEEFEA}.Debug|x64.Build.0 = Debug|Any CPU
		{C9EB79C0-F525-4211-8E44-5F089ECEEFEA}.Debug|x86.ActiveCfg = Debug|Any CPU
		{C9EB79C0-F525-4211-8E44-5F089ECEEFEA}.Debug|x86.Build.0 = Debug|Any CPU
		{C9EB79C0-F525-4211-8E44-5F089ECEEFEA}.Release|Any CPU.ActiveCfg = Release|Any CPU
		{C9EB79C0-F525-4211-8E44-5F089ECEEFEA}.Release|Any CPU.Build.0 = Release|Any CPU
		{C9EB79C0-F525-4211-8E44-5F089ECEEFEA}.Release|x64.ActiveCfg = Release|Any CPU
		{C9EB79C0-F525-4211-8E44-5F089ECEEFEA}.Release|x64.Build.0 = Release|Any CPU
		{C9EB79C0-F525-4211-8E44-5F089ECEEFEA}.Release|x86.ActiveCfg = Release|Any CPU
		{C9EB79C0-F525-4211-8E44-5F089ECEEFEA}.Release|x86.Build.0 = Release|Any CPU
		{F6C27E55-0732-4670-B538-48ED71BCC52F}.Debug|Any CPU.ActiveCfg = Debug|Any CPU
		{F6C27E55-0732-4670-B538-48ED71BCC52F}.Debug|Any CPU.Build.0 = Debug|Any CPU
		{F6C27E55-0732-4670-B538-48ED71BCC52F}.Debug|x64.ActiveCfg = Debug|Any CPU
		{F6C27E55-0732-4670-B538-48ED71BCC52F}.Debug|x64.Build.0 = Debug|Any CPU
		{F6C27E55-0732-4670-B538-48ED71BCC52F}.Debug|x86.ActiveCfg = Debug|Any CPU
		{F6C27E55-0732-4670-B538-48ED71BCC52F}.Debug|x86.Build.0 = Debug|Any CPU
		{F6C27E55-0732-4670-B538-48ED71BCC52F}.Release|Any CPU.ActiveCfg = Release|Any CPU
		{F6C27E55-0732-4670-B538-48ED71BCC52F}.Release|Any CPU.Build.0 = Release|Any CPU
		{F6C27E55-0732-4670-B538-48ED71BCC52F}.Release|x64.ActiveCfg = Release|Any CPU
		{F6C27E55-0732-4670-B538-48ED71BCC52F}.Release|x64.Build.0 = Release|Any CPU
		{F6C27E55-0732-4670-B538-48ED71BCC52F}.Release|x86.ActiveCfg = Release|Any CPU
		{F6C27E55-0732-4670-B538-48ED71BCC52F}.Release|x86.Build.0 = Release|Any CPU
		{EBB797D9-B766-424B-A32B-2ACDD1B235E0}.Debug|Any CPU.ActiveCfg = Debug|Any CPU
		{EBB797D9-B766-424B-A32B-2ACDD1B235E0}.Debug|Any CPU.Build.0 = Debug|Any CPU
		{EBB797D9-B766-424B-A32B-2ACDD1B235E0}.Debug|x64.ActiveCfg = Debug|Any CPU
		{EBB797D9-B766-424B-A32B-2ACDD1B235E0}.Debug|x64.Build.0 = Debug|Any CPU
		{EBB797D9-B766-424B-A32B-2ACDD1B235E0}.Debug|x86.ActiveCfg = Debug|Any CPU
		{EBB797D9-B766-424B-A32B-2ACDD1B235E0}.Debug|x86.Build.0 = Debug|Any CPU
		{EBB797D9-B766-424B-A32B-2ACDD1B235E0}.Release|Any CPU.ActiveCfg = Release|Any CPU
		{EBB797D9-B766-424B-A32B-2ACDD1B235E0}.Release|Any CPU.Build.0 = Release|Any CPU
		{EBB797D9-B766-424B-A32B-2ACDD1B235E0}.Release|x64.ActiveCfg = Release|Any CPU
		{EBB797D9-B766-424B-A32B-2ACDD1B235E0}.Release|x64.Build.0 = Release|Any CPU
		{EBB797D9-B766-424B-A32B-2ACDD1B235E0}.Release|x86.ActiveCfg = Release|Any CPU
		{EBB797D9-B766-424B-A32B-2ACDD1B235E0}.Release|x86.Build.0 = Release|Any CPU
	EndGlobalSection
	GlobalSection(SolutionProperties) = preSolution
		HideSolutionNode = FALSE
	EndGlobalSection
	GlobalSection(ExtensibilityGlobals) = postSolution
		SolutionGuid = {D56AB487-555B-4129-8982-6213E7EB2CB3}
	EndGlobalSection
EndGlobal
