
Microsoft Visual Studio Solution File, Format Version 12.00
# Visual Studio Version 16
VisualStudioVersion = 16.0.31313.79
MinimumVisualStudioVersion = 10.0.40219.1
Project("{FAE04EC0-301F-11D3-BF4B-00C04F79EFBC}") = "EnumsAndSwitch", "EnumsAndSwitch\EnumsAndSwitch.csproj", "{3FE38AA9-2479-4BE7-A484-7E867891CBE3}"
EndProject
Global
	GlobalSection(SolutionConfigurationPlatforms) = preSolution
		Debug|Any CPU = Debug|Any CPU
		Release|Any CPU = Release|Any CPU
	EndGlobalSection
	GlobalSection(ProjectConfigurationPlatforms) = postSolution
		{3FE38AA9-2479-4BE7-A484-7E867891CBE3}.Debug|Any CPU.ActiveCfg = Debug|Any CPU
		{3FE38AA9-2479-4BE7-A484-7E867891CBE3}.Debug|Any CPU.Build.0 = Debug|Any CPU
		{3FE38AA9-2479-4BE7-A484-7E867891CBE3}.Release|Any CPU.ActiveCfg = Release|Any CPU
		{3FE38AA9-2479-4BE7-A484-7E867891CBE3}.Release|Any CPU.Build.0 = Release|Any CPU
	EndGlobalSection
	GlobalSection(SolutionProperties) = preSolution
		HideSolutionNode = FALSE
	EndGlobalSection
	GlobalSection(ExtensibilityGlobals) = postSolution
		SolutionGuid = {E23078BE-F680-4F7C-817C-F4372FA9EA62}
	EndGlobalSection
EndGlobal
