
Microsoft Visual Studio Solution File, Format Version 12.00
# Visual Studio Version 16
VisualStudioVersion = 16.0.31321.278
MinimumVisualStudioVersion = 10.0.40219.1
Project("{FAE04EC0-301F-11D3-BF4B-00C04F79EFBC}") = "BookListRazor", "BookListRazor\BookListRazor.csproj", "{C5FF58DA-D2AE-4A43-B147-20574F882B32}"
EndProject
Global
	GlobalSection(SolutionConfigurationPlatforms) = preSolution
		Debug|Any CPU = Debug|Any CPU
		Release|Any CPU = Release|Any CPU
	EndGlobalSection
	GlobalSection(ProjectConfigurationPlatforms) = postSolution
		{C5FF58DA-D2AE-4A43-B147-20574F882B32}.Debug|Any CPU.ActiveCfg = Debug|Any CPU
		{C5FF58DA-D2AE-4A43-B147-20574F882B32}.Debug|Any CPU.Build.0 = Debug|Any CPU
		{C5FF58DA-D2AE-4A43-B147-20574F882B32}.Release|Any CPU.ActiveCfg = Release|Any CPU
		{C5FF58DA-D2AE-4A43-B147-20574F882B32}.Release|Any CPU.Build.0 = Release|Any CPU
	EndGlobalSection
	GlobalSection(SolutionProperties) = preSolution
		HideSolutionNode = FALSE
	EndGlobalSection
	GlobalSection(ExtensibilityGlobals) = postSolution
		SolutionGuid = {C5F66617-C69C-4B2C-9DAB-2836009E4F60}
	EndGlobalSection
EndGlobal
